// !$*UTF8*$!
{
	archiveVersion = 1;
	classes = {
	};
	objectVersion = 46;
	objects = {

/* Begin PBXBuildFile section */
		162A2B8B1D4852F40075B137 /* main.m in Sources */ = {isa = PBXBuildFile; fileRef = 162A2B8A1D4852F40075B137 /* main.m */; };
		162A2B8E1D4852F40075B137 /* AppDelegate.m in Sources */ = {isa = PBXBuildFile; fileRef = 162A2B8D1D4852F40075B137 /* AppDelegate.m */; };
		162A2B911D4852F40075B137 /* ViewController.m in Sources */ = {isa = PBXBuildFile; fileRef = 162A2B901D4852F40075B137 /* ViewController.m */; };
		162A2B941D4852F40075B137 /* Main.storyboard in Resources */ = {isa = PBXBuildFile; fileRef = 162A2B921D4852F40075B137 /* Main.storyboard */; };
		162A2B961D4852F50075B137 /* Assets.xcassets in Resources */ = {isa = PBXBuildFile; fileRef = 162A2B951D4852F50075B137 /* Assets.xcassets */; };
		162A2B991D4852F50075B137 /* LaunchScreen.storyboard in Resources */ = {isa = PBXBuildFile; fileRef = 162A2B971D4852F50075B137 /* LaunchScreen.storyboard */; };
		162A2BA41D4852F50075B137 /* _JM_____Tests.m in Sources */ = {isa = PBXBuildFile; fileRef = 162A2BA31D4852F50075B137 /* _JM_____Tests.m */; };
		162A2BAF1D4852F50075B137 /* _JM_____UITests.m in Sources */ = {isa = PBXBuildFile; fileRef = 162A2BAE1D4852F50075B137 /* _JM_____UITests.m */; };
		162A2BC51D4853640075B137 /* avatar.jpg in Resources */ = {isa = PBXBuildFile; fileRef = 162A2BBF1D4853640075B137 /* avatar.jpg */; };
		162A2BC61D4853640075B137 /* red_dot_image_1.png in Resources */ = {isa = PBXBuildFile; fileRef = 162A2BC01D4853640075B137 /* red_dot_image_1.png */; };
		162A2BC71D4853640075B137 /* red_dot_image_2.png in Resources */ = {isa = PBXBuildFile; fileRef = 162A2BC11D4853640075B137 /* red_dot_image_2.png */; };
		162A2BC81D4853640075B137 /* red_dot_image_3.png in Resources */ = {isa = PBXBuildFile; fileRef = 162A2BC21D4853640075B137 /* red_dot_image_3.png */; };
		162A2BC91D4853640075B137 /* red_dot_image_4.png in Resources */ = {isa = PBXBuildFile; fileRef = 162A2BC31D4853640075B137 /* red_dot_image_4.png */; };
		162A2BCA1D4853640075B137 /* red_dot_image_5.png in Resources */ = {isa = PBXBuildFile; fileRef = 162A2BC41D4853640075B137 /* red_dot_image_5.png */; };
		162A2BD01D4853BE0075B137 /* ADRedDot.m in Sources */ = {isa = PBXBuildFile; fileRef = 162A2BCF1D4853BE0075B137 /* ADRedDot.m */; };
		162A2BDD1D4994740075B137 /* ADRedDotCell.m in Sources */ = {isa = PBXBuildFile; fileRef = 162A2BDC1D4994740075B137 /* ADRedDotCell.m */; };
		162A2BE21D49AE380075B137 /* ADRedDotViewController.m in Sources */ = {isa = PBXBuildFile; fileRef = 162A2BD91D4994060075B137 /* ADRedDotViewController.m */; };
		162A2BE41D49F64C0075B137 /* loveShape.png in Resources */ = {isa = PBXBuildFile; fileRef = 162A2BE31D49F64C0075B137 /* loveShape.png */; };
		162A2BEB1D49F8E00075B137 /* ADTableViewAnimate.m in Sources */ = {isa = PBXBuildFile; fileRef = 162A2BEA1D49F8E00075B137 /* ADTableViewAnimate.m */; };
		162A2BEF1D4A02900075B137 /* ADPopUpTransition.m in Sources */ = {isa = PBXBuildFile; fileRef = 162A2BEE1D4A02900075B137 /* ADPopUpTransition.m */; };
		162A2BF21D4A06AB0075B137 /* ADPopUpLoginViewController.m in Sources */ = {isa = PBXBuildFile; fileRef = 162A2BF11D4A06AB0075B137 /* ADPopUpLoginViewController.m */; };
		162A2BF51D4ADF860075B137 /* ADPopUpViewController.m in Sources */ = {isa = PBXBuildFile; fileRef = 162A2BF41D4ADF860075B137 /* ADPopUpViewController.m */; };
		162A2BF91D4AED590075B137 /* ADGooeySlideViewController.m in Sources */ = {isa = PBXBuildFile; fileRef = 162A2BF81D4AED590075B137 /* ADGooeySlideViewController.m */; };
		162A2BFC1D4AED890075B137 /* ADGooeySlide.m in Sources */ = {isa = PBXBuildFile; fileRef = 162A2BFB1D4AED890075B137 /* ADGooeySlide.m */; };
		162A2BFF1D4AF2CB0075B137 /* ADSlideMenuButton.m in Sources */ = {isa = PBXBuildFile; fileRef = 162A2BFE1D4AF2CB0075B137 /* ADSlideMenuButton.m */; };
/* End PBXBuildFile section */

/* Begin PBXContainerItemProxy section */
		162A2BA01D4852F50075B137 /* PBXContainerItemProxy */ = {
			isa = PBXContainerItemProxy;
			containerPortal = 162A2B7E1D4852F40075B137 /* Project object */;
			proxyType = 1;
			remoteGlobalIDString = 162A2B851D4852F40075B137;
			remoteInfo = "仿JM的多种动画";
		};
		162A2BAB1D4852F50075B137 /* PBXContainerItemProxy */ = {
			isa = PBXContainerItemProxy;
			containerPortal = 162A2B7E1D4852F40075B137 /* Project object */;
			proxyType = 1;
			remoteGlobalIDString = 162A2B851D4852F40075B137;
			remoteInfo = "仿JM的多种动画";
		};
/* End PBXContainerItemProxy section */

/* Begin PBXFileReference section */
		162A2B861D4852F40075B137 /* 仿JM的多种动画.app */ = {isa = PBXFileReference; explicitFileType = wrapper.application; includeInIndex = 0; path = "仿JM的多种动画.app"; sourceTree = BUILT_PRODUCTS_DIR; };
		162A2B8A1D4852F40075B137 /* main.m */ = {isa = PBXFileReference; lastKnownFileType = sourcecode.c.objc; path = main.m; sourceTree = "<group>"; };
		162A2B8C1D4852F40075B137 /* AppDelegate.h */ = {isa = PBXFileReference; lastKnownFileType = sourcecode.c.h; path = AppDelegate.h; sourceTree = "<group>"; };
		162A2B8D1D4852F40075B137 /* AppDelegate.m */ = {isa = PBXFileReference; lastKnownFileType = sourcecode.c.objc; path = AppDelegate.m; sourceTree = "<group>"; };
		162A2B8F1D4852F40075B137 /* ViewController.h */ = {isa = PBXFileReference; lastKnownFileType = sourcecode.c.h; path = ViewController.h; sourceTree = "<group>"; };
		162A2B901D4852F40075B137 /* ViewController.m */ = {isa = PBXFileReference; lastKnownFileType = sourcecode.c.objc; path = ViewController.m; sourceTree = "<group>"; };
		162A2B931D4852F40075B137 /* Base */ = {isa = PBXFileReference; lastKnownFileType = file.storyboard; name = Base; path = Base.lproj/Main.storyboard; sourceTree = "<group>"; };
		162A2B951D4852F50075B137 /* Assets.xcassets */ = {isa = PBXFileReference; lastKnownFileType = folder.assetcatalog; path = Assets.xcassets; sourceTree = "<group>"; };
		162A2B981D4852F50075B137 /* Base */ = {isa = PBXFileReference; lastKnownFileType = file.storyboard; name = Base; path = Base.lproj/LaunchScreen.storyboard; sourceTree = "<group>"; };
		162A2B9A1D4852F50075B137 /* Info.plist */ = {isa = PBXFileReference; lastKnownFileType = text.plist.xml; path = Info.plist; sourceTree = "<group>"; };
		162A2B9F1D4852F50075B137 /* 仿JM的多种动画Tests.xctest */ = {isa = PBXFileReference; explicitFileType = wrapper.cfbundle; includeInIndex = 0; path = "仿JM的多种动画Tests.xctest"; sourceTree = BUILT_PRODUCTS_DIR; };
		162A2BA31D4852F50075B137 /* _JM_____Tests.m */ = {isa = PBXFileReference; lastKnownFileType = sourcecode.c.objc; path = "_JM_____Tests.m"; sourceTree = "<group>"; };
		162A2BA51D4852F50075B137 /* Info.plist */ = {isa = PBXFileReference; lastKnownFileType = text.plist.xml; path = Info.plist; sourceTree = "<group>"; };
		162A2BAA1D4852F50075B137 /* 仿JM的多种动画UITests.xctest */ = {isa = PBXFileReference; explicitFileType = wrapper.cfbundle; includeInIndex = 0; path = "仿JM的多种动画UITests.xctest"; sourceTree = BUILT_PRODUCTS_DIR; };
		162A2BAE1D4852F50075B137 /* _JM_____UITests.m */ = {isa = PBXFileReference; lastKnownFileType = sourcecode.c.objc; path = "_JM_____UITests.m"; sourceTree = "<group>"; };
		162A2BB01D4852F50075B137 /* Info.plist */ = {isa = PBXFileReference; lastKnownFileType = text.plist.xml; path = Info.plist; sourceTree = "<group>"; };
		162A2BBF1D4853640075B137 /* avatar.jpg */ = {isa = PBXFileReference; lastKnownFileType = image.jpeg; path = avatar.jpg; sourceTree = "<group>"; };
		162A2BC01D4853640075B137 /* red_dot_image_1.png */ = {isa = PBXFileReference; lastKnownFileType = image.png; path = red_dot_image_1.png; sourceTree = "<group>"; };
		162A2BC11D4853640075B137 /* red_dot_image_2.png */ = {isa = PBXFileReference; lastKnownFileType = image.png; path = red_dot_image_2.png; sourceTree = "<group>"; };
		162A2BC21D4853640075B137 /* red_dot_image_3.png */ = {isa = PBXFileReference; lastKnownFileType = image.png; path = red_dot_image_3.png; sourceTree = "<group>"; };
		162A2BC31D4853640075B137 /* red_dot_image_4.png */ = {isa = PBXFileReference; lastKnownFileType = image.png; path = red_dot_image_4.png; sourceTree = "<group>"; };
		162A2BC41D4853640075B137 /* red_dot_image_5.png */ = {isa = PBXFileReference; lastKnownFileType = image.png; path = red_dot_image_5.png; sourceTree = "<group>"; };
		162A2BCE1D4853BE0075B137 /* ADRedDot.h */ = {isa = PBXFileReference; fileEncoding = 4; lastKnownFileType = sourcecode.c.h; path = ADRedDot.h; sourceTree = "<group>"; };
		162A2BCF1D4853BE0075B137 /* ADRedDot.m */ = {isa = PBXFileReference; fileEncoding = 4; lastKnownFileType = sourcecode.c.objc; path = ADRedDot.m; sourceTree = "<group>"; };
		162A2BD81D4994060075B137 /* ADRedDotViewController.h */ = {isa = PBXFileReference; fileEncoding = 4; lastKnownFileType = sourcecode.c.h; path = ADRedDotViewController.h; sourceTree = "<group>"; };
		162A2BD91D4994060075B137 /* ADRedDotViewController.m */ = {isa = PBXFileReference; fileEncoding = 4; lastKnownFileType = sourcecode.c.objc; path = ADRedDotViewController.m; sourceTree = "<group>"; };
		162A2BDB1D4994740075B137 /* ADRedDotCell.h */ = {isa = PBXFileReference; fileEncoding = 4; lastKnownFileType = sourcecode.c.h; path = ADRedDotCell.h; sourceTree = "<group>"; };
		162A2BDC1D4994740075B137 /* ADRedDotCell.m */ = {isa = PBXFileReference; fileEncoding = 4; lastKnownFileType = sourcecode.c.objc; path = ADRedDotCell.m; sourceTree = "<group>"; };
		162A2BDE1D4994AB0075B137 /* ADRedDotCellModel.h */ = {isa = PBXFileReference; fileEncoding = 4; lastKnownFileType = sourcecode.c.h; path = ADRedDotCellModel.h; sourceTree = "<group>"; };
		162A2BDF1D4994AB0075B137 /* ADRedDotCellModel.m */ = {isa = PBXFileReference; fileEncoding = 4; lastKnownFileType = sourcecode.c.objc; path = ADRedDotCellModel.m; sourceTree = "<group>"; };
		162A2BE31D49F64C0075B137 /* loveShape.png */ = {isa = PBXFileReference; lastKnownFileType = image.png; path = loveShape.png; sourceTree = "<group>"; };
		162A2BE91D49F8E00075B137 /* ADTableViewAnimate.h */ = {isa = PBXFileReference; fileEncoding = 4; lastKnownFileType = sourcecode.c.h; path = ADTableViewAnimate.h; sourceTree = "<group>"; };
		162A2BEA1D49F8E00075B137 /* ADTableViewAnimate.m */ = {isa = PBXFileReference; fileEncoding = 4; lastKnownFileType = sourcecode.c.objc; path = ADTableViewAnimate.m; sourceTree = "<group>"; };
		162A2BED1D4A02900075B137 /* ADPopUpTransition.h */ = {isa = PBXFileReference; fileEncoding = 4; lastKnownFileType = sourcecode.c.h; path = ADPopUpTransition.h; sourceTree = "<group>"; };
		162A2BEE1D4A02900075B137 /* ADPopUpTransition.m */ = {isa = PBXFileReference; fileEncoding = 4; lastKnownFileType = sourcecode.c.objc; path = ADPopUpTransition.m; sourceTree = "<group>"; };
		162A2BF01D4A06AB0075B137 /* ADPopUpLoginViewController.h */ = {isa = PBXFileReference; fileEncoding = 4; lastKnownFileType = sourcecode.c.h; path = ADPopUpLoginViewController.h; sourceTree = "<group>"; };
		162A2BF11D4A06AB0075B137 /* ADPopUpLoginViewController.m */ = {isa = PBXFileReference; fileEncoding = 4; lastKnownFileType = sourcecode.c.objc; path = ADPopUpLoginViewController.m; sourceTree = "<group>"; };
		162A2BF31D4ADF860075B137 /* ADPopUpViewController.h */ = {isa = PBXFileReference; fileEncoding = 4; lastKnownFileType = sourcecode.c.h; path = ADPopUpViewController.h; sourceTree = "<group>"; };
		162A2BF41D4ADF860075B137 /* ADPopUpViewController.m */ = {isa = PBXFileReference; fileEncoding = 4; lastKnownFileType = sourcecode.c.objc; path = ADPopUpViewController.m; sourceTree = "<group>"; };
		162A2BF71D4AED590075B137 /* ADGooeySlideViewController.h */ = {isa = PBXFileReference; fileEncoding = 4; lastKnownFileType = sourcecode.c.h; path = ADGooeySlideViewController.h; sourceTree = "<group>"; };
		162A2BF81D4AED590075B137 /* ADGooeySlideViewController.m */ = {isa = PBXFileReference; fileEncoding = 4; lastKnownFileType = sourcecode.c.objc; path = ADGooeySlideViewController.m; sourceTree = "<group>"; };
		162A2BFA1D4AED890075B137 /* ADGooeySlide.h */ = {isa = PBXFileReference; fileEncoding = 4; lastKnownFileType = sourcecode.c.h; path = ADGooeySlide.h; sourceTree = "<group>"; };
		162A2BFB1D4AED890075B137 /* ADGooeySlide.m */ = {isa = PBXFileReference; fileEncoding = 4; lastKnownFileType = sourcecode.c.objc; path = ADGooeySlide.m; sourceTree = "<group>"; };
		162A2BFD1D4AF2CB0075B137 /* ADSlideMenuButton.h */ = {isa = PBXFileReference; fileEncoding = 4; lastKnownFileType = sourcecode.c.h; path = ADSlideMenuButton.h; sourceTree = "<group>"; };
		162A2BFE1D4AF2CB0075B137 /* ADSlideMenuButton.m */ = {isa = PBXFileReference; fileEncoding = 4; lastKnownFileType = sourcecode.c.objc; path = ADSlideMenuButton.m; sourceTree = "<group>"; };
/* End PBXFileReference section */

/* Begin PBXFrameworksBuildPhase section */
		162A2B831D4852F40075B137 /* Frameworks */ = {
			isa = PBXFrameworksBuildPhase;
			buildActionMask = 2147483647;
			files = (
			);
			runOnlyForDeploymentPostprocessing = 0;
		};
		162A2B9C1D4852F50075B137 /* Frameworks */ = {
			isa = PBXFrameworksBuildPhase;
			buildActionMask = 2147483647;
			files = (
			);
			runOnlyForDeploymentPostprocessing = 0;
		};
		162A2BA71D4852F50075B137 /* Frameworks */ = {
			isa = PBXFrameworksBuildPhase;
			buildActionMask = 2147483647;
			files = (
			);
			runOnlyForDeploymentPostprocessing = 0;
		};
/* End PBXFrameworksBuildPhase section */

/* Begin PBXGroup section */
		162A2B7D1D4852F40075B137 = {
			isa = PBXGroup;
			children = (
				162A2B881D4852F40075B137 /* 仿JM的多种动画 */,
				162A2BA21D4852F50075B137 /* 仿JM的多种动画Tests */,
				162A2BAD1D4852F50075B137 /* 仿JM的多种动画UITests */,
				162A2B871D4852F40075B137 /* Products */,
			);
			sourceTree = "<group>";
		};
		162A2B871D4852F40075B137 /* Products */ = {
			isa = PBXGroup;
			children = (
				162A2B861D4852F40075B137 /* 仿JM的多种动画.app */,
				162A2B9F1D4852F50075B137 /* 仿JM的多种动画Tests.xctest */,
				162A2BAA1D4852F50075B137 /* 仿JM的多种动画UITests.xctest */,
			);
			name = Products;
			sourceTree = "<group>";
		};
		162A2B881D4852F40075B137 /* 仿JM的多种动画 */ = {
			isa = PBXGroup;
			children = (
				162A2BE31D49F64C0075B137 /* loveShape.png */,
				162A2B8C1D4852F40075B137 /* AppDelegate.h */,
				162A2B8D1D4852F40075B137 /* AppDelegate.m */,
				162A2B8F1D4852F40075B137 /* ViewController.h */,
				162A2B901D4852F40075B137 /* ViewController.m */,
				162A2B921D4852F40075B137 /* Main.storyboard */,
				162A2B951D4852F50075B137 /* Assets.xcassets */,
				162A2B971D4852F50075B137 /* LaunchScreen.storyboard */,
				162A2B9A1D4852F50075B137 /* Info.plist */,
				162A2BBC1D4853640075B137 /* Animation */,
				162A2B891D4852F40075B137 /* Supporting Files */,
			);
			path = "仿JM的多种动画";
			sourceTree = "<group>";
		};
		162A2B891D4852F40075B137 /* Supporting Files */ = {
			isa = PBXGroup;
			children = (
				162A2B8A1D4852F40075B137 /* main.m */,
			);
			name = "Supporting Files";
			sourceTree = "<group>";
		};
		162A2BA21D4852F50075B137 /* 仿JM的多种动画Tests */ = {
			isa = PBXGroup;
			children = (
				162A2BA31D4852F50075B137 /* _JM_____Tests.m */,
				162A2BA51D4852F50075B137 /* Info.plist */,
			);
			path = "仿JM的多种动画Tests";
			sourceTree = "<group>";
		};
		162A2BAD1D4852F50075B137 /* 仿JM的多种动画UITests */ = {
			isa = PBXGroup;
			children = (
				162A2BAE1D4852F50075B137 /* _JM_____UITests.m */,
				162A2BB01D4852F50075B137 /* Info.plist */,
			);
			path = "仿JM的多种动画UITests";
			sourceTree = "<group>";
		};
		162A2BBC1D4853640075B137 /* Animation */ = {
			isa = PBXGroup;
			children = (
				162A2BF61D4AED380075B137 /* GooeySlide */,
				162A2BEC1D4A023C0075B137 /* PopUp */,
				162A2BE81D49F8D70075B137 /* TableVIewAnimate */,
				162A2BBD1D4853640075B137 /* RedDot */,
			);
			path = Animation;
			sourceTree = "<group>";
		};
		162A2BBD1D4853640075B137 /* RedDot */ = {
			isa = PBXGroup;
			children = (
				162A2BBE1D4853640075B137 /* RedDotImage */,
				162A2BCE1D4853BE0075B137 /* ADRedDot.h */,
				162A2BCF1D4853BE0075B137 /* ADRedDot.m */,
				162A2BD81D4994060075B137 /* ADRedDotViewController.h */,
				162A2BD91D4994060075B137 /* ADRedDotViewController.m */,
				162A2BDB1D4994740075B137 /* ADRedDotCell.h */,
				162A2BDC1D4994740075B137 /* ADRedDotCell.m */,
				162A2BDE1D4994AB0075B137 /* ADRedDotCellModel.h */,
				162A2BDF1D4994AB0075B137 /* ADRedDotCellModel.m */,
			);
			path = RedDot;
			sourceTree = "<group>";
		};
		162A2BBE1D4853640075B137 /* RedDotImage */ = {
			isa = PBXGroup;
			children = (
				162A2BBF1D4853640075B137 /* avatar.jpg */,
				162A2BC01D4853640075B137 /* red_dot_image_1.png */,
				162A2BC11D4853640075B137 /* red_dot_image_2.png */,
				162A2BC21D4853640075B137 /* red_dot_image_3.png */,
				162A2BC31D4853640075B137 /* red_dot_image_4.png */,
				162A2BC41D4853640075B137 /* red_dot_image_5.png */,
			);
			path = RedDotImage;
			sourceTree = "<group>";
		};
		162A2BE81D49F8D70075B137 /* TableVIewAnimate */ = {
			isa = PBXGroup;
			children = (
				162A2BE91D49F8E00075B137 /* ADTableViewAnimate.h */,
				162A2BEA1D49F8E00075B137 /* ADTableViewAnimate.m */,
			);
			path = TableVIewAnimate;
			sourceTree = "<group>";
		};
		162A2BEC1D4A023C0075B137 /* PopUp */ = {
			isa = PBXGroup;
			children = (
				162A2BED1D4A02900075B137 /* ADPopUpTransition.h */,
				162A2BEE1D4A02900075B137 /* ADPopUpTransition.m */,
				162A2BF01D4A06AB0075B137 /* ADPopUpLoginViewController.h */,
				162A2BF11D4A06AB0075B137 /* ADPopUpLoginViewController.m */,
				162A2BF31D4ADF860075B137 /* ADPopUpViewController.h */,
				162A2BF41D4ADF860075B137 /* ADPopUpViewController.m */,
			);
			path = PopUp;
			sourceTree = "<group>";
		};
		162A2BF61D4AED380075B137 /* GooeySlide */ = {
			isa = PBXGroup;
			children = (
				162A2BF71D4AED590075B137 /* ADGooeySlideViewController.h */,
				162A2BF81D4AED590075B137 /* ADGooeySlideViewController.m */,
				162A2BFA1D4AED890075B137 /* ADGooeySlide.h */,
				162A2BFB1D4AED890075B137 /* ADGooeySlide.m */,
				162A2BFD1D4AF2CB0075B137 /* ADSlideMenuButton.h */,
				162A2BFE1D4AF2CB0075B137 /* ADSlideMenuButton.m */,
			);
			path = GooeySlide;
			sourceTree = "<group>";
		};
/* End PBXGroup section */

/* Begin PBXNativeTarget section */
		162A2B851D4852F40075B137 /* 仿JM的多种动画 */ = {
			isa = PBXNativeTarget;
			buildConfigurationList = 162A2BB31D4852F50075B137 /* Build configuration list for PBXNativeTarget "仿JM的多种动画" */;
			buildPhases = (
				162A2B821D4852F40075B137 /* Sources */,
				162A2B831D4852F40075B137 /* Frameworks */,
				162A2B841D4852F40075B137 /* Resources */,
			);
			buildRules = (
			);
			dependencies = (
			);
			name = "仿JM的多种动画";
			productName = "仿JM的多种动画";
			productReference = 162A2B861D4852F40075B137 /* 仿JM的多种动画.app */;
			productType = "com.apple.product-type.application";
		};
		162A2B9E1D4852F50075B137 /* 仿JM的多种动画Tests */ = {
			isa = PBXNativeTarget;
			buildConfigurationList = 162A2BB61D4852F50075B137 /* Build configuration list for PBXNativeTarget "仿JM的多种动画Tests" */;
			buildPhases = (
				162A2B9B1D4852F50075B137 /* Sources */,
				162A2B9C1D4852F50075B137 /* Frameworks */,
				162A2B9D1D4852F50075B137 /* Resources */,
			);
			buildRules = (
			);
			dependencies = (
				162A2BA11D4852F50075B137 /* PBXTargetDependency */,
			);
			name = "仿JM的多种动画Tests";
			productName = "仿JM的多种动画Tests";
			productReference = 162A2B9F1D4852F50075B137 /* 仿JM的多种动画Tests.xctest */;
			productType = "com.apple.product-type.bundle.unit-test";
		};
		162A2BA91D4852F50075B137 /* 仿JM的多种动画UITests */ = {
			isa = PBXNativeTarget;
			buildConfigurationList = 162A2BB91D4852F50075B137 /* Build configuration list for PBXNativeTarget "仿JM的多种动画UITests" */;
			buildPhases = (
				162A2BA61D4852F50075B137 /* Sources */,
				162A2BA71D4852F50075B137 /* Frameworks */,
				162A2BA81D4852F50075B137 /* Resources */,
			);
			buildRules = (
			);
			dependencies = (
				162A2BAC1D4852F50075B137 /* PBXTargetDependency */,
			);
			name = "仿JM的多种动画UITests";
			productName = "仿JM的多种动画UITests";
			productReference = 162A2BAA1D4852F50075B137 /* 仿JM的多种动画UITests.xctest */;
			productType = "com.apple.product-type.bundle.ui-testing";
		};
/* End PBXNativeTarget section */

/* Begin PBXProject section */
		162A2B7E1D4852F40075B137 /* Project object */ = {
			isa = PBXProject;
			attributes = {
				CLASSPREFIX = AD;
				LastUpgradeCheck = 0730;
				ORGANIZATIONNAME = "王奥东";
				TargetAttributes = {
					162A2B851D4852F40075B137 = {
						CreatedOnToolsVersion = 7.3;
						DevelopmentTeam = 3TP2S3N87D;
					};
					162A2B9E1D4852F50075B137 = {
						CreatedOnToolsVersion = 7.3;
						DevelopmentTeam = 3TP2S3N87D;
						TestTargetID = 162A2B851D4852F40075B137;
					};
					162A2BA91D4852F50075B137 = {
						CreatedOnToolsVersion = 7.3;
						DevelopmentTeam = 3TP2S3N87D;
						TestTargetID = 162A2B851D4852F40075B137;
					};
				};
			};
			buildConfigurationList = 162A2B811D4852F40075B137 /* Build configuration list for PBXProject "仿JM的多种动画" */;
			compatibilityVersion = "Xcode 3.2";
			developmentRegion = English;
			hasScannedForEncodings = 0;
			knownRegions = (
				en,
				Base,
			);
			mainGroup = 162A2B7D1D4852F40075B137;
			productRefGroup = 162A2B871D4852F40075B137 /* Products */;
			projectDirPath = "";
			projectRoot = "";
			targets = (
				162A2B851D4852F40075B137 /* 仿JM的多种动画 */,
				162A2B9E1D4852F50075B137 /* 仿JM的多种动画Tests */,
				162A2BA91D4852F50075B137 /* 仿JM的多种动画UITests */,
			);
		};
/* End PBXProject section */

/* Begin PBXResourcesBuildPhase section */
		162A2B841D4852F40075B137 /* Resources */ = {
			isa = PBXResourcesBuildPhase;
			buildActionMask = 2147483647;
			files = (
				162A2BC51D4853640075B137 /* avatar.jpg in Resources */,
				162A2BC61D4853640075B137 /* red_dot_image_1.png in Resources */,
				162A2BC71D4853640075B137 /* red_dot_image_2.png in Resources */,
				162A2BE41D49F64C0075B137 /* loveShape.png in Resources */,
				162A2B991D4852F50075B137 /* LaunchScreen.storyboard in Resources */,
				162A2BC91D4853640075B137 /* red_dot_image_4.png in Resources */,
				162A2BCA1D4853640075B137 /* red_dot_image_5.png in Resources */,
				162A2BC81D4853640075B137 /* red_dot_image_3.png in Resources */,
				162A2B961D4852F50075B137 /* Assets.xcassets in Resources */,
				162A2B941D4852F40075B137 /* Main.storyboard in Resources */,
			);
			runOnlyForDeploymentPostprocessing = 0;
		};
		162A2B9D1D4852F50075B137 /* Resources */ = {
			isa = PBXResourcesBuildPhase;
			buildActionMask = 2147483647;
			files = (
			);
			runOnlyForDeploymentPostprocessing = 0;
		};
		162A2BA81D4852F50075B137 /* Resources */ = {
			isa = PBXResourcesBuildPhase;
			buildActionMask = 2147483647;
			files = (
			);
			runOnlyForDeploymentPostprocessing = 0;
		};
/* End PBXResourcesBuildPhase section */

/* Begin PBXSourcesBuildPhase section */
		162A2B821D4852F40075B137 /* Sources */ = {
			isa = PBXSourcesBuildPhase;
			buildActionMask = 2147483647;
			files = (
				162A2BE21D49AE380075B137 /* ADRedDotViewController.m in Sources */,
				162A2BDD1D4994740075B137 /* ADRedDotCell.m in Sources */,
				162A2BEF1D4A02900075B137 /* ADPopUpTransition.m in Sources */,
				162A2BD01D4853BE0075B137 /* ADRedDot.m in Sources */,
				162A2BFF1D4AF2CB0075B137 /* ADSlideMenuButton.m in Sources */,
				162A2B911D4852F40075B137 /* ViewController.m in Sources */,
				162A2BF91D4AED590075B137 /* ADGooeySlideViewController.m in Sources */,
				162A2BFC1D4AED890075B137 /* ADGooeySlide.m in Sources */,
				162A2BEB1D49F8E00075B137 /* ADTableViewAnimate.m in Sources */,
				162A2BF51D4ADF860075B137 /* ADPopUpViewController.m in Sources */,
				162A2B8E1D4852F40075B137 /* AppDelegate.m in Sources */,
				162A2BF21D4A06AB0075B137 /* ADPopUpLoginViewController.m in Sources */,
				162A2B8B1D4852F40075B137 /* main.m in Sources */,
			);
			runOnlyForDeploymentPostprocessing = 0;
		};
		162A2B9B1D4852F50075B137 /* Sources */ = {
			isa = PBXSourcesBuildPhase;
			buildActionMask = 2147483647;
			files = (
				162A2BA41D4852F50075B137 /* _JM_____Tests.m in Sources */,
			);
			runOnlyForDeploymentPostprocessing = 0;
		};
		162A2BA61D4852F50075B137 /* Sources */ = {
			isa = PBXSourcesBuildPhase;
			buildActionMask = 2147483647;
			files = (
				162A2BAF1D4852F50075B137 /* _JM_____UITests.m in Sources */,
			);
			runOnlyForDeploymentPostprocessing = 0;
		};
/* End PBXSourcesBuildPhase section */

/* Begin PBXTargetDependency section */
		162A2BA11D4852F50075B137 /* PBXTargetDependency */ = {
			isa = PBXTargetDependency;
			target = 162A2B851D4852F40075B137 /* 仿JM的多种动画 */;
			targetProxy = 162A2BA01D4852F50075B137 /* PBXContainerItemProxy */;
		};
		162A2BAC1D4852F50075B137 /* PBXTargetDependency */ = {
			isa = PBXTargetDependency;
			target = 162A2B851D4852F40075B137 /* 仿JM的多种动画 */;
			targetProxy = 162A2BAB1D4852F50075B137 /* PBXContainerItemProxy */;
		};
/* End PBXTargetDependency section */

/* Begin PBXVariantGroup section */
		162A2B921D4852F40075B137 /* Main.storyboard */ = {
			isa = PBXVariantGroup;
			children = (
				162A2B931D4852F40075B137 /* Base */,
			);
			name = Main.storyboard;
			sourceTree = "<group>";
		};
		162A2B971D4852F50075B137 /* LaunchScreen.storyboard */ = {
			isa = PBXVariantGroup;
			children = (
				162A2B981D4852F50075B137 /* Base */,
			);
			name = LaunchScreen.storyboard;
			sourceTree = "<group>";
		};
/* End PBXVariantGroup section */

/* Begin XCBuildConfiguration section */
		162A2BB11D4852F50075B137 /* Debug */ = {
			isa = XCBuildConfiguration;
			buildSettings = {
				ALWAYS_SEARCH_USER_PATHS = NO;
				CLANG_ANALYZER_NONNULL = YES;
				CLANG_CXX_LANGUAGE_STANDARD = "gnu++0x";
				CLANG_CXX_LIBRARY = "libc++";
				CLANG_ENABLE_MODULES = YES;
				CLANG_ENABLE_OBJC_ARC = YES;
				CLANG_WARN_BOOL_CONVERSION = YES;
				CLANG_WARN_CONSTANT_CONVERSION = YES;
				CLANG_WARN_DIRECT_OBJC_ISA_USAGE = YES_ERROR;
				CLANG_WARN_EMPTY_BODY = YES;
				CLANG_WARN_ENUM_CONVERSION = YES;
				CLANG_WARN_INT_CONVERSION = YES;
				CLANG_WARN_OBJC_ROOT_CLASS = YES_ERROR;
				CLANG_WARN_UNREACHABLE_CODE = YES;
				CLANG_WARN__DUPLICATE_METHOD_MATCH = YES;
				"CODE_SIGN_IDENTITY[sdk=iphoneos*]" = "iPhone Developer";
				COPY_PHASE_STRIP = NO;
				DEBUG_INFORMATION_FORMAT = dwarf;
				ENABLE_STRICT_OBJC_MSGSEND = YES;
				ENABLE_TESTABILITY = YES;
				GCC_C_LANGUAGE_STANDARD = gnu99;
				GCC_DYNAMIC_NO_PIC = NO;
				GCC_NO_COMMON_BLOCKS = YES;
				GCC_OPTIMIZATION_LEVEL = 0;
				GCC_PREPROCESSOR_DEFINITIONS = (
					"DEBUG=1",
					"$(inherited)",
				);
				GCC_WARN_64_TO_32_BIT_CONVERSION = YES;
				GCC_WARN_ABOUT_RETURN_TYPE = YES_ERROR;
				GCC_WARN_UNDECLARED_SELECTOR = YES;
				GCC_WARN_UNINITIALIZED_AUTOS = YES_AGGRESSIVE;
				GCC_WARN_UNUSED_FUNCTION = YES;
				GCC_WARN_UNUSED_VARIABLE = YES;
				IPHONEOS_DEPLOYMENT_TARGET = 9.3;
				MTL_ENABLE_DEBUG_INFO = YES;
				ONLY_ACTIVE_ARCH = YES;
				SDKROOT = iphoneos;
				TARGETED_DEVICE_FAMILY = "1,2";
			};
			name = Debug;
		};
		162A2BB21D4852F50075B137 /* Release */ = {
			isa = XCBuildConfiguration;
			buildSettings = {
				ALWAYS_SEARCH_USER_PATHS = NO;
				CLANG_ANALYZER_NONNULL = YES;
				CLANG_CXX_LANGUAGE_STANDARD = "gnu++0x";
				CLANG_CXX_LIBRARY = "libc++";
				CLANG_ENABLE_MODULES = YES;
				CLANG_ENABLE_OBJC_ARC = YES;
				CLANG_WARN_BOOL_CONVERSION = YES;
				CLANG_WARN_CONSTANT_CONVERSION = YES;
				CLANG_WARN_DIRECT_OBJC_ISA_USAGE = YES_ERROR;
				CLANG_WARN_EMPTY_BODY = YES;
				CLANG_WARN_ENUM_CONVERSION = YES;
				CLANG_WARN_INT_CONVERSION = YES;
				CLANG_WARN_OBJC_ROOT_CLASS = YES_ERROR;
				CLANG_WARN_UNREACHABLE_CODE = YES;
				CLANG_WARN__DUPLICATE_METHOD_MATCH = YES;
				"CODE_SIGN_IDENTITY[sdk=iphoneos*]" = "iPhone Developer";
				COPY_PHASE_STRIP = NO;
				DEBUG_INFORMATION_FORMAT = "dwarf-with-dsym";
				ENABLE_NS_ASSERTIONS = NO;
				ENABLE_STRICT_OBJC_MSGSEND = YES;
				GCC_C_LANGUAGE_STANDARD = gnu99;
				GCC_NO_COMMON_BLOCKS = YES;
				GCC_WARN_64_TO_32_BIT_CONVERSION = YES;
				GCC_WARN_ABOUT_RETURN_TYPE = YES_ERROR;
				GCC_WARN_UNDECLARED_SELECTOR = YES;
				GCC_WARN_UNINITIALIZED_AUTOS = YES_AGGRESSIVE;
				GCC_WARN_UNUSED_FUNCTION = YES;
				GCC_WARN_UNUSED_VARIABLE = YES;
				IPHONEOS_DEPLOYMENT_TARGET = 9.3;
				MTL_ENABLE_DEBUG_INFO = NO;
				SDKROOT = iphoneos;
				TARGETED_DEVICE_FAMILY = "1,2";
				VALIDATE_PRODUCT = YES;
			};
			name = Release;
		};
		162A2BB41D4852F50075B137 /* Debug */ = {
			isa = XCBuildConfiguration;
			buildSettings = {
				ASSETCATALOG_COMPILER_APPICON_NAME = AppIcon;
				INFOPLIST_FILE = "仿JM的多种动画/Info.plist";
				IPHONEOS_DEPLOYMENT_TARGET = 8.0;
				LD_RUNPATH_SEARCH_PATHS = "$(inherited) @executable_path/Frameworks";
				PRODUCT_BUNDLE_IDENTIFIER = "com.aodong.-JM-----";
				PRODUCT_NAME = "$(TARGET_NAME)";
			};
			name = Debug;
		};
		162A2BB51D4852F50075B137 /* Release */ = {
			isa = XCBuildConfiguration;
			buildSettings = {
				ASSETCATALOG_COMPILER_APPICON_NAME = AppIcon;
				INFOPLIST_FILE = "仿JM的多种动画/Info.plist";
				IPHONEOS_DEPLOYMENT_TARGET = 8.0;
				LD_RUNPATH_SEARCH_PATHS = "$(inherited) @executable_path/Frameworks";
				PRODUCT_BUNDLE_IDENTIFIER = "com.aodong.-JM-----";
				PRODUCT_NAME = "$(TARGET_NAME)";
			};
			name = Release;
		};
		162A2BB71D4852F50075B137 /* Debug */ = {
			isa = XCBuildConfiguration;
			buildSettings = {
				BUNDLE_LOADER = "$(TEST_HOST)";
				INFOPLIST_FILE = "仿JM的多种动画Tests/Info.plist";
				LD_RUNPATH_SEARCH_PATHS = "$(inherited) @executable_path/Frameworks @loader_path/Frameworks";
				PRODUCT_BUNDLE_IDENTIFIER = "com.aodong.-JM-----Tests";
				PRODUCT_NAME = "$(TARGET_NAME)";
				TEST_HOST = "$(BUILT_PRODUCTS_DIR)/仿JM的多种动画.app/仿JM的多种动画";
			};
			name = Debug;
		};
		162A2BB81D4852F50075B137 /* Release */ = {
			isa = XCBuildConfiguration;
			buildSettings = {
				BUNDLE_LOADER = "$(TEST_HOST)";
				INFOPLIST_FILE = "仿JM的多种动画Tests/Info.plist";
				LD_RUNPATH_SEARCH_PATHS = "$(inherited) @executable_path/Frameworks @loader_path/Frameworks";
				PRODUCT_BUNDLE_IDENTIFIER = "com.aodong.-JM-----Tests";
				PRODUCT_NAME = "$(TARGET_NAME)";
				TEST_HOST = "$(BUILT_PRODUCTS_DIR)/仿JM的多种动画.app/仿JM的多种动画";
			};
			name = Release;
		};
		162A2BBA1D4852F50075B137 /* Debug */ = {
			isa = XCBuildConfiguration;
			buildSettings = {
				INFOPLIST_FILE = "仿JM的多种动画UITests/Info.plist";
				LD_RUNPATH_SEARCH_PATHS = "$(inherited) @executable_path/Frameworks @loader_path/Frameworks";
				PRODUCT_BUNDLE_IDENTIFIER = "com.aodong.-JM-----UITests";
				PRODUCT_NAME = "$(TARGET_NAME)";
				TEST_TARGET_NAME = "仿JM的多种动画";
			};
			name = Debug;
		};
		162A2BBB1D4852F50075B137 /* Release */ = {
			isa = XCBuildConfiguration;
			buildSettings = {
				INFOPLIST_FILE = "仿JM的多种动画UITests/Info.plist";
				LD_RUNPATH_SEARCH_PATHS = "$(inherited) @executable_path/Frameworks @loader_path/Frameworks";
				PRODUCT_BUNDLE_IDENTIFIER = "com.aodong.-JM-----UITests";
				PRODUCT_NAME = "$(TARGET_NAME)";
				TEST_TARGET_NAME = "仿JM的多种动画";
			};
			name = Release;
		};
/* End XCBuildConfiguration section */

/* Begin XCConfigurationList section */
		162A2B811D4852F40075B137 /* Build configuration list for PBXProject "仿JM的多种动画" */ = {
			isa = XCConfigurationList;
			buildConfigurations = (
				162A2BB11D4852F50075B137 /* Debug */,
				162A2BB21D4852F50075B137 /* Release */,
			);
			defaultConfigurationIsVisible = 0;
			defaultConfigurationName = Release;
		};
		162A2BB31D4852F50075B137 /* Build configuration list for PBXNativeTarget "仿JM的多种动画" */ = {
			isa = XCConfigurationList;
			buildConfigurations = (
				162A2BB41D4852F50075B137 /* Debug */,
				162A2BB51D4852F50075B137 /* Release */,
			);
			defaultConfigurationIsVisible = 0;
		};
		162A2BB61D4852F50075B137 /* Build configuration list for PBXNativeTarget "仿JM的多种动画Tests" */ = {
			isa = XCConfigurationList;
			buildConfigurations = (
				162A2BB71D4852F50075B137 /* Debug */,
				162A2BB81D4852F50075B137 /* Release */,
			);
			defaultConfigurationIsVisible = 0;
		};
		162A2BB91D4852F50075B137 /* Build configuration list for PBXNativeTarget "仿JM的多种动画UITests" */ = {
			isa = XCConfigurationList;
			buildConfigurations = (
				162A2BBA1D4852F50075B137 /* Debug */,
				162A2BBB1D4852F50075B137 /* Release */,
			);
			defaultConfigurationIsVisible = 0;
		};
/* End XCConfigurationList section */
	};
	rootObject = 162A2B7E1D4852F40075B137 /* Project object */;
}
